
Microsoft Visual Studio Solution File, Format Version 12.00
# Visual Studio Version 16
VisualStudioVersion = 16.0.30114.105
MinimumVisualStudioVersion = 10.0.40219.1
Project("{FAE04EC0-301F-11D3-BF4B-00C04F79EFBC}") = "Chat.API", "backend\Chat.API\Chat.API.csproj", "{F5A4E318-9C99-4952-A30F-0B6FA1A96BA8}"
EndProject
Project("{FAE04EC0-301F-11D3-BF4B-00C04F79EFBC}") = "Chat.Shared", "backend\Chat.Shared\Chat.Shared.csproj", "{77E00F67-58B6-4520-A18B-953673722DEF}"
EndProject
Project("{FAE04EC0-301F-11D3-BF4B-00C04F79EFBC}") = "Chat.Client", "backend\Chat.Client\Chat.Client.csproj", "{90BCCECE-A861-4212-842A-C034517B9822}"
EndProject
Global
	GlobalSection(SolutionConfigurationPlatforms) = preSolution
		Debug|Any CPU = Debug|Any CPU
		Release|Any CPU = Release|Any CPU
	EndGlobalSection
	GlobalSection(SolutionProperties) = preSolution
		HideSolutionNode = FALSE
	EndGlobalSection
	GlobalSection(ProjectConfigurationPlatforms) = postSolution
		{F5A4E318-9C99-4952-A30F-0B6FA1A96BA8}.Debug|Any CPU.ActiveCfg = Debug|Any CPU
		{F5A4E318-9C99-4952-A30F-0B6FA1A96BA8}.Debug|Any CPU.Build.0 = Debug|Any CPU
		{F5A4E318-9C99-4952-A30F-0B6FA1A96BA8}.Release|Any CPU.ActiveCfg = Release|Any CPU
		{F5A4E318-9C99-4952-A30F-0B6FA1A96BA8}.Release|Any CPU.Build.0 = Release|Any CPU
		{77E00F67-58B6-4520-A18B-953673722DEF}.Debug|Any CPU.ActiveCfg = Debug|Any CPU
		{77E00F67-58B6-4520-A18B-953673722DEF}.Debug|Any CPU.Build.0 = Debug|Any CPU
		{77E00F67-58B6-4520-A18B-953673722DEF}.Release|Any CPU.ActiveCfg = Release|Any CPU
		{77E00F67-58B6-4520-A18B-953673722DEF}.Release|Any CPU.Build.0 = Release|Any CPU
		{90BCCECE-A861-4212-842A-C034517B9822}.Debug|Any CPU.ActiveCfg = Debug|Any CPU
		{90BCCECE-A861-4212-842A-C034517B9822}.Debug|Any CPU.Build.0 = Debug|Any CPU
		{90BCCECE-A861-4212-842A-C034517B9822}.Release|Any CPU.ActiveCfg = Release|Any CPU
		{90BCCECE-A861-4212-842A-C034517B9822}.Release|Any CPU.Build.0 = Release|Any CPU
	EndGlobalSection
EndGlobal
